
Microsoft Visual Studio Solution File, Format Version 12.00
# Visual Studio Version 16
VisualStudioVersion = 16.0.30523.141
MinimumVisualStudioVersion = 10.0.40219.1
Project("{FAE04EC0-301F-11D3-BF4B-00C04F79EFBC}") = "HPlusSportAPI", "HPlusSportAPI\HPlusSportAPI.csproj", "{687C7D01-93F6-4DFD-899A-2F4265682D5E}"
EndProject
Global
	GlobalSection(SolutionConfigurationPlatforms) = preSolution
		Debug|Any CPU = Debug|Any CPU
		Release|Any CPU = Release|Any CPU
	EndGlobalSection
	GlobalSection(ProjectConfigurationPlatforms) = postSolution
		{687C7D01-93F6-4DFD-899A-2F4265682D5E}.Debug|Any CPU.ActiveCfg = Debug|Any CPU
		{687C7D01-93F6-4DFD-899A-2F4265682D5E}.Debug|Any CPU.Build.0 = Debug|Any CPU
		{687C7D01-93F6-4DFD-899A-2F4265682D5E}.Release|Any CPU.ActiveCfg = Release|Any CPU
		{687C7D01-93F6-4DFD-899A-2F4265682D5E}.Release|Any CPU.Build.0 = Release|Any CPU
	EndGlobalSection
	GlobalSection(SolutionProperties) = preSolution
		HideSolutionNode = FALSE
	EndGlobalSection
	GlobalSection(ExtensibilityGlobals) = postSolution
		SolutionGuid = {FE8BB4FF-4CC2-4BAB-AEE3-FBFAD1464FF3}
	EndGlobalSection
EndGlobal
